
Microsoft Visual Studio Solution File, Format Version 12.00
# Visual Studio 15
VisualStudioVersion = 15.0.26430.15
MinimumVisualStudioVersion = 10.0.40219.1
Project("{FAE04EC0-301F-11D3-BF4B-00C04F79EFBC}") = "Intervalos_Test1", "Intervalos_Test1\Intervalos_Test1.csproj", "{3C0EA133-2A63-4645-9597-F20D0D55D2CA}"
EndProject
Project("{2150E333-8FDC-42A3-9474-1A3956D46DE8}") = "Solution Items", "Solution Items", "{53F56DA4-7A4B-4D6A-9CD0-82A80988A030}"
	ProjectSection(SolutionItems) = preProject
		manifest.yml = manifest.yml
		NuGet.Config = NuGet.Config
	EndProjectSection
EndProject
Global
	GlobalSection(SolutionConfigurationPlatforms) = preSolution
		Debug|Any CPU = Debug|Any CPU
		Release|Any CPU = Release|Any CPU
	EndGlobalSection
	GlobalSection(ProjectConfigurationPlatforms) = postSolution
		{3C0EA133-2A63-4645-9597-F20D0D55D2CA}.Debug|Any CPU.ActiveCfg = Debug|Any CPU
		{3C0EA133-2A63-4645-9597-F20D0D55D2CA}.Debug|Any CPU.Build.0 = Debug|Any CPU
		{3C0EA133-2A63-4645-9597-F20D0D55D2CA}.Release|Any CPU.ActiveCfg = Release|Any CPU
		{3C0EA133-2A63-4645-9597-F20D0D55D2CA}.Release|Any CPU.Build.0 = Release|Any CPU
	EndGlobalSection
	GlobalSection(SolutionProperties) = preSolution
		HideSolutionNode = FALSE
	EndGlobalSection
EndGlobal
